<?xml version="1.0" encoding="utf-8"?>
<Project ToolsVersion="4.0" xmlns="http://schemas.microsoft.com/developer/msbuild/2003">
  <ItemGroup>
    <Filter Include="Header Files">
      <UniqueIdentifier>{718cedb4-919f-4654-9eb6-53431ccbb95c}</UniqueIdentifier>
    </Filter>
    <Filter Include="Source Files">
      <UniqueIdentifier>{3fc26fa8-fe53-4e5d-86bf-060da1138435}</UniqueIdentifier>
    </Filter>
  </ItemGroup>
  <ItemGroup>
    <ClInclude Include="$(MSBuildThisFileDirectory)..\opengles3-book-master\Common\Include\esUtil.h" />
  </ItemGroup>
  <ItemGroup>
    <ClCompile Include="$(MSBuildThisFileDirectory)..\opengles3-book-master\Common\Source\esShader.c" />
    <ClCompile Include="$(MSBuildThisFileDirectory)..\opengles3-book-master\Common\Source\esShapes.c" />
    <ClCompile Include="$(MSBuildThisFileDirectory)..\opengles3-book-master\Common\Source\esTransform.c" />
    <ClCompile Include="$(MSBuildThisFileDirectory)..\opengles3-book-master\Common\Source\esUtil.c" />
  </ItemGroup>
</Project>